
Microsoft Visual Studio Solution File, Format Version 12.00
# Visual Studio Version 16
VisualStudioVersion = 16.0.29324.140
MinimumVisualStudioVersion = 10.0.40219.1
Project("{9A19103F-16F7-4668-BE54-9A1E7A4F7556}") = "Tretie40", "tretie40\Tretie40.csproj", "{A8043082-A9D3-4285-8F80-83704816B893}"
EndProject
Project("{FAE04EC0-301F-11D3-BF4B-00C04F79EFBC}") = "UnitTestTretie40", "UnitTestVtorie40\UnitTestTretie40.csproj", "{01B8BCF4-DCCF-4148-9D8A-50B3EC640C0C}"
EndProject
Global
	GlobalSection(SolutionConfigurationPlatforms) = preSolution
		Debug|Any CPU = Debug|Any CPU
		Release|Any CPU = Release|Any CPU
	EndGlobalSection
	GlobalSection(ProjectConfigurationPlatforms) = postSolution
		{A8043082-A9D3-4285-8F80-83704816B893}.Debug|Any CPU.ActiveCfg = Debug|Any CPU
		{A8043082-A9D3-4285-8F80-83704816B893}.Debug|Any CPU.Build.0 = Debug|Any CPU
		{A8043082-A9D3-4285-8F80-83704816B893}.Release|Any CPU.ActiveCfg = Release|Any CPU
		{A8043082-A9D3-4285-8F80-83704816B893}.Release|Any CPU.Build.0 = Release|Any CPU
		{01B8BCF4-DCCF-4148-9D8A-50B3EC640C0C}.Debug|Any CPU.ActiveCfg = Debug|Any CPU
		{01B8BCF4-DCCF-4148-9D8A-50B3EC640C0C}.Debug|Any CPU.Build.0 = Debug|Any CPU
		{01B8BCF4-DCCF-4148-9D8A-50B3EC640C0C}.Release|Any CPU.ActiveCfg = Release|Any CPU
		{01B8BCF4-DCCF-4148-9D8A-50B3EC640C0C}.Release|Any CPU.Build.0 = Release|Any CPU
	EndGlobalSection
	GlobalSection(SolutionProperties) = preSolution
		HideSolutionNode = FALSE
	EndGlobalSection
	GlobalSection(ExtensibilityGlobals) = postSolution
		SolutionGuid = {B6675FF4-D48B-45C2-A112-2B3C0CA82CFE}
	EndGlobalSection
EndGlobal
